<Solution>
  <Folder Name="/src/">
    <Project Path="src/Cadence.Api/Cadence.Api.csproj" />
    <Project Path="src/Cadence.AppHost/Cadence.AppHost.csproj" />
    <Project Path="src/Cadence.ServiceDefaults/Cadence.ServiceDefaults.csproj" />
  </Folder>
  <Folder Name="/tests/">
    <Project Path="tests/Cadence.Api.Tests/Cadence.Api.Tests.csproj" />
  </Folder>
</Solution>
